{
  "name": "@thetally/install-tallytop",
  "version": "1.0.0",
  "lockfileVersion": 3,
  "requires": true,
  "packages": {
    "": {
      "name": "@thetally/install-tallytop",
      "version": "1.0.0",
      "license": "MIT",
      "dependencies": {
        "@thetally/toolbox": "^1.0.0",
        "pencil-case": "^0.1.2"
      },
      "bin": {
        "pak": "dist/index.js"
      },
      "devDependencies": {
        "@types/node": "^24.7.1",
        "typescript": "^5.9.3"
      },
      "engines": {
        "node": ">=18.0.0"
      }
    },
    "node_modules/@thetally/toolbox": {
      "version": "1.0.0",
      "resolved": "https://registry.npmjs.org/@thetally/toolbox/-/toolbox-1.0.0.tgz",
      "integrity": "sha512-s3mI43IoXy6DmCjY/xcpecFvS28tz5AidPVaGB/blEeOkGs6lVO9L5ZsG+rf4MZFFsT3k7gwlpxzezboWcvzhw==",
      "license": "ISC"
    },
    "node_modules/@types/node": {
      "version": "24.12.0",
      "resolved": "https://registry.npmjs.org/@types/node/-/node-24.12.0.tgz",
      "integrity": "sha512-GYDxsZi3ChgmckRT9HPU0WEhKLP08ev/Yfcq2AstjrDASOYCSXeyjDsHg4v5t4jOj7cyDX3vmprafKlWIG9MXQ==",
      "dev": true,
      "license": "MIT",
      "dependencies": {
        "undici-types": "~7.16.0"
      }
    },
    "node_modules/pencil-case": {
      "version": "0.1.2",
      "resolved": "https://registry.npmjs.org/pencil-case/-/pencil-case-0.1.2.tgz",
      "integrity": "sha512-+sSS7fLlZ23AqzYoz0G2tDPulpmpIIiq7eNH4hqAU6NVfihdcA+wvsKWAdxMo1fSBJr8Oua3dlAweMbZQPCvSQ==",
      "license": "MIT"
    },
    "node_modules/typescript": {
      "version": "5.9.3",
      "resolved": "https://registry.npmjs.org/typescript/-/typescript-5.9.3.tgz",
      "integrity": "sha512-jl1vZzPDinLr9eUt3J/t7V6FgNEw9QjvBPdysz9KfQDD41fQrC2Y4vKQdiaUpFT4bXlb1RHhLpp8wtm6M5TgSw==",
      "dev": true,
      "license": "Apache-2.0",
      "bin": {
        "tsc": "bin/tsc",
        "tsserver": "bin/tsserver"
      },
      "engines": {
        "node": ">=14.17"
      }
    },
    "node_modules/undici-types": {
      "version": "7.16.0",
      "resolved": "https://registry.npmjs.org/undici-types/-/undici-types-7.16.0.tgz",
      "integrity": "sha512-Zz+aZWSj8LE6zoxD+xrjh4VfkIG8Ya6LvYkZqtUQGJPZjYl53ypCaUwWqo7eI0x66KBGeRo+mlBEkMSeSZ38Nw==",
      "dev": true,
      "license": "MIT"
    }
  }
}
